
Microsoft Visual Studio Solution File, Format Version 12.00
# Visual Studio Version 18
VisualStudioVersion = 18.10.12210.168 stable
MinimumVisualStudioVersion = 10.0.40219.1
Project("{FAE04EC0-301F-11D3-BF4B-00C04F79EFBC}") = "BeeQ.Codec.BinaryCodec", "BeeQ.Codec.BinaryCodec.csproj", "{13F76FCE-430D-4366-A7D3-C2FF0254A6DC}"
EndProject
Global
	GlobalSection(SolutionConfigurationPlatforms) = preSolution
		Debug|Any CPU = Debug|Any CPU
		Release|Any CPU = Release|Any CPU
	EndGlobalSection
	GlobalSection(ProjectConfigurationPlatforms) = postSolution
		{13F76FCE-430D-4366-A7D3-C2FF0254A6DC}.Debug|Any CPU.ActiveCfg = Debug|Any CPU
		{13F76FCE-430D-4366-A7D3-C2FF0254A6DC}.Debug|Any CPU.Build.0 = Debug|Any CPU
		{13F76FCE-430D-4366-A7D3-C2FF0254A6DC}.Release|Any CPU.ActiveCfg = Release|Any CPU
		{13F76FCE-430D-4366-A7D3-C2FF0254A6DC}.Release|Any CPU.Build.0 = Release|Any CPU
	EndGlobalSection
	GlobalSection(SolutionProperties) = preSolution
		HideSolutionNode = FALSE
	EndGlobalSection
	GlobalSection(ExtensibilityGlobals) = postSolution
		SolutionGuid = {C4A033E1-F7D2-4177-8345-52111D17D1C3}
	EndGlobalSection
EndGlobal
